
Microsoft Visual Studio Solution File, Format Version 12.00
# Visual Studio 15
VisualStudioVersion = 15.0.28307.1145
MinimumVisualStudioVersion = 10.0.40219.1
Project("{FAE04EC0-301F-11D3-BF4B-00C04F79EFBC}") = "LianJia_Spider", "LianJia_Spider\LianJia_Spider.csproj", "{F740CFD9-2672-4576-9716-17740DDC8829}"
EndProject
Global
	GlobalSection(SolutionConfigurationPlatforms) = preSolution
		Debug|Any CPU = Debug|Any CPU
		Release|Any CPU = Release|Any CPU
	EndGlobalSection
	GlobalSection(ProjectConfigurationPlatforms) = postSolution
		{F740CFD9-2672-4576-9716-17740DDC8829}.Debug|Any CPU.ActiveCfg = Debug|Any CPU
		{F740CFD9-2672-4576-9716-17740DDC8829}.Debug|Any CPU.Build.0 = Debug|Any CPU
		{F740CFD9-2672-4576-9716-17740DDC8829}.Release|Any CPU.ActiveCfg = Release|Any CPU
		{F740CFD9-2672-4576-9716-17740DDC8829}.Release|Any CPU.Build.0 = Release|Any CPU
	EndGlobalSection
	GlobalSection(SolutionProperties) = preSolution
		HideSolutionNode = FALSE
	EndGlobalSection
	GlobalSection(ExtensibilityGlobals) = postSolution
		SolutionGuid = {4CA9E45E-385C-4E1A-83F3-B458067FA8D6}
	EndGlobalSection
EndGlobal
